// !$*UTF8*$!
{
	archiveVersion = 1;
	classes = {
	};
	objectVersion = 50;
	objects = {

/* Begin PBXBuildFile section */
		01050EAA2261DFCE004404B6 /* Main.storyboard in Resources */ = {isa = PBXBuildFile; fileRef = 01050EA82261DFCE004404B6 /* Main.storyboard */; };
		01050EAC2261DFD2004404B6 /* Assets.xcassets in Resources */ = {isa = PBXBuildFile; fileRef = 01050EAB2261DFD2004404B6 /* Assets.xcassets */; };
		01050EAF2261DFD2004404B6 /* LaunchScreen.storyboard in Resources */ = {isa = PBXBuildFile; fileRef = 01050EAD2261DFD2004404B6 /* LaunchScreen.storyboard */; };
		01050EC52261DFD3004404B6 /* Poznanskie_CmentarzeUITests.swift in Sources */ = {isa = PBXBuildFile; fileRef = 01050EC42261DFD3004404B6 /* Poznanskie_CmentarzeUITests.swift */; };
		01050EDE2261F52A004404B6 /* PlayfairDisplay-Bold.ttf in Resources */ = {isa = PBXBuildFile; fileRef = 01050ED72261F52A004404B6 /* PlayfairDisplay-Bold.ttf */; };
		01050EDF2261F52A004404B6 /* PlayfairDisplay-Regular.ttf in Resources */ = {isa = PBXBuildFile; fileRef = 01050ED82261F52A004404B6 /* PlayfairDisplay-Regular.ttf */; };
		01050EE02261F52A004404B6 /* OFL.txt in Resources */ = {isa = PBXBuildFile; fileRef = 01050ED92261F52A004404B6 /* OFL.txt */; };
		01050EE12261F52A004404B6 /* OpenSans-Semibold.ttf in Resources */ = {isa = PBXBuildFile; fileRef = 01050EDB2261F52A004404B6 /* OpenSans-Semibold.ttf */; };
		01050EE22261F52A004404B6 /* Apache License.txt in Resources */ = {isa = PBXBuildFile; fileRef = 01050EDC2261F52A004404B6 /* Apache License.txt */; };
		01050EE32261F52A004404B6 /* OpenSans-Regular.ttf in Resources */ = {isa = PBXBuildFile; fileRef = 01050EDD2261F52A004404B6 /* OpenSans-Regular.ttf */; };
		01050F282261F7EB004404B6 /* AppDelegate.swift in Sources */ = {isa = PBXBuildFile; fileRef = 01050EE72261F7EB004404B6 /* AppDelegate.swift */; };
		01050F292261F7EB004404B6 /* Color.swift in Sources */ = {isa = PBXBuildFile; fileRef = 01050EE82261F7EB004404B6 /* Color.swift */; };
		01050F2C2261F7EB004404B6 /* Constants.swift in Sources */ = {isa = PBXBuildFile; fileRef = 01050EED2261F7EB004404B6 /* Constants.swift */; };
		01050F2D2261F7EB004404B6 /* Helper.swift in Sources */ = {isa = PBXBuildFile; fileRef = 01050EEF2261F7EB004404B6 /* Helper.swift */; };
		01050F2E2261F7EB004404B6 /* Debouncer.swift in Sources */ = {isa = PBXBuildFile; fileRef = 01050EF02261F7EB004404B6 /* Debouncer.swift */; };
		01050F2F2261F7EB004404B6 /* Adapter.swift in Sources */ = {isa = PBXBuildFile; fileRef = 01050EF22261F7EB004404B6 /* Adapter.swift */; };
		01050F302261F7EB004404B6 /* UIViewController+Extensions.swift in Sources */ = {isa = PBXBuildFile; fileRef = 01050EF42261F7EB004404B6 /* UIViewController+Extensions.swift */; };
		01050F312261F7EB004404B6 /* UIView+Extensions.swift in Sources */ = {isa = PBXBuildFile; fileRef = 01050EF52261F7EB004404B6 /* UIView+Extensions.swift */; };
		01050F322261F7EB004404B6 /* UIFont+Extensions.swift in Sources */ = {isa = PBXBuildFile; fileRef = 01050EF62261F7EB004404B6 /* UIFont+Extensions.swift */; };
		01050F342261F7EB004404B6 /* UINavigationController+openMaps.swift in Sources */ = {isa = PBXBuildFile; fileRef = 01050EF82261F7EB004404B6 /* UINavigationController+openMaps.swift */; };
		01050F352261F7EB004404B6 /* NSLayoutConstraint+Extensions.swift in Sources */ = {isa = PBXBuildFile; fileRef = 01050EF92261F7EB004404B6 /* NSLayoutConstraint+Extensions.swift */; };
		01050F362261F7EB004404B6 /* UIAlertController+Action.swift in Sources */ = {isa = PBXBuildFile; fileRef = 01050EFA2261F7EB004404B6 /* UIAlertController+Action.swift */; };
		01050F372261F7EB004404B6 /* GraveViewModel.swift in Sources */ = {isa = PBXBuildFile; fileRef = 01050EFC2261F7EB004404B6 /* GraveViewModel.swift */; };
		01050F382261F7EB004404B6 /* Cemetery.swift in Sources */ = {isa = PBXBuildFile; fileRef = 01050EFD2261F7EB004404B6 /* Cemetery.swift */; };
		01050F392261F7EB004404B6 /* Grave.swift in Sources */ = {isa = PBXBuildFile; fileRef = 01050EFE2261F7EB004404B6 /* Grave.swift */; };
		01050F3A2261F7EB004404B6 /* Name.swift in Sources */ = {isa = PBXBuildFile; fileRef = 01050EFF2261F7EB004404B6 /* Name.swift */; };
		01050F3B2261F7EB004404B6 /* EmptyView.swift in Sources */ = {isa = PBXBuildFile; fileRef = 01050F012261F7EB004404B6 /* EmptyView.swift */; };
		01050F412261F7EB004404B6 /* BaseController.swift in Sources */ = {isa = PBXBuildFile; fileRef = 01050F092261F7EB004404B6 /* BaseController.swift */; };
		01050F492261F7EB004404B6 /* GraveDetailViewController.swift in Sources */ = {isa = PBXBuildFile; fileRef = 01050F172261F7EB004404B6 /* GraveDetailViewController.swift */; };
		01050F4B2261F7EB004404B6 /* GraveCell.swift in Sources */ = {isa = PBXBuildFile; fileRef = 01050F1A2261F7EB004404B6 /* GraveCell.swift */; };
		01050F4E2261F7EB004404B6 /* CemeteryDetailViewController.swift in Sources */ = {isa = PBXBuildFile; fileRef = 01050F202261F7EB004404B6 /* CemeteryDetailViewController.swift */; };
		01050F4F2261F7EB004404B6 /* CemeteryCell.swift in Sources */ = {isa = PBXBuildFile; fileRef = 01050F222261F7EB004404B6 /* CemeteryCell.swift */; };
		01050F562261F92A004404B6 /* Default-568h@2x.png in Resources */ = {isa = PBXBuildFile; fileRef = 01050F552261F92A004404B6 /* Default-568h@2x.png */; };
		01050F682262030C004404B6 /* DebouncerTests.swift in Sources */ = {isa = PBXBuildFile; fileRef = 01050F592262030B004404B6 /* DebouncerTests.swift */; };
		01050F692262030C004404B6 /* GraveViewModelTests.swift in Sources */ = {isa = PBXBuildFile; fileRef = 01050F5B2262030B004404B6 /* GraveViewModelTests.swift */; };
		01050F6A2262030C004404B6 /* GraveTests.swift in Sources */ = {isa = PBXBuildFile; fileRef = 01050F5C2262030B004404B6 /* GraveTests.swift */; };
		01050F6B2262030C004404B6 /* CemeteryTests.swift in Sources */ = {isa = PBXBuildFile; fileRef = 01050F5D2262030B004404B6 /* CemeteryTests.swift */; };
		01050F6E2262030C004404B6 /* graves.json in Resources */ = {isa = PBXBuildFile; fileRef = 01050F622262030C004404B6 /* graves.json */; };
		01050F6F2262030C004404B6 /* singleGrave.json in Resources */ = {isa = PBXBuildFile; fileRef = 01050F632262030C004404B6 /* singleGrave.json */; };
		01050F702262030C004404B6 /* cemeteries.json in Resources */ = {isa = PBXBuildFile; fileRef = 01050F642262030C004404B6 /* cemeteries.json */; };
		01050F712262030C004404B6 /* singleCemetery.json in Resources */ = {isa = PBXBuildFile; fileRef = 01050F652262030C004404B6 /* singleCemetery.json */; };
		011656A42328E96C008A15AC /* CemeteryModel.swift in Sources */ = {isa = PBXBuildFile; fileRef = 011656A32328E96C008A15AC /* CemeteryModel.swift */; };
		011656A62328F0BA008A15AC /* ApiSession.swift in Sources */ = {isa = PBXBuildFile; fileRef = 011656A52328F0BA008A15AC /* ApiSession.swift */; };
		011656A8232906A1008A15AC /* CemeteryViewController.swift in Sources */ = {isa = PBXBuildFile; fileRef = 011656A7232906A1008A15AC /* CemeteryViewController.swift */; };
		011656AA23293689008A15AC /* SearchModel.swift in Sources */ = {isa = PBXBuildFile; fileRef = 011656A923293689008A15AC /* SearchModel.swift */; };
		015EA023231567E700095C1C /* DetailView.swift in Sources */ = {isa = PBXBuildFile; fileRef = 015EA022231567E700095C1C /* DetailView.swift */; };
		015EA02523158CA700095C1C /* ClosureSleeve.swift in Sources */ = {isa = PBXBuildFile; fileRef = 015EA02423158CA700095C1C /* ClosureSleeve.swift */; };
		015EA02723158CE500095C1C /* UIControl+addAction.swift in Sources */ = {isa = PBXBuildFile; fileRef = 015EA02623158CE500095C1C /* UIControl+addAction.swift */; };
		015EA02923158D4A00095C1C /* DetailViewControllerType.swift in Sources */ = {isa = PBXBuildFile; fileRef = 015EA02823158D4A00095C1C /* DetailViewControllerType.swift */; };
		01626225232F972200BC7BCC /* DateFormatter+extensions.swift in Sources */ = {isa = PBXBuildFile; fileRef = 01626224232F972200BC7BCC /* DateFormatter+extensions.swift */; };
		016506712321613F003F63FB /* String+Extensions.swift in Sources */ = {isa = PBXBuildFile; fileRef = 016506702321613F003F63FB /* String+Extensions.swift */; };
		017B69A12330FFDD00A82323 /* MockNetworkEngine.swift in Sources */ = {isa = PBXBuildFile; fileRef = 017B69A02330FFDD00A82323 /* MockNetworkEngine.swift */; };
		01BA647E2319358300C9AB0E /* GraveCollection.swift in Sources */ = {isa = PBXBuildFile; fileRef = 01BA647D2319358300C9AB0E /* GraveCollection.swift */; };
		01D838A32264F4D0006802B3 /* R.generated.swift in Sources */ = {isa = PBXBuildFile; fileRef = 01D838A22264F4D0006802B3 /* R.generated.swift */; };
		01D96769232973D7008DC99C /* SearchViewController.swift in Sources */ = {isa = PBXBuildFile; fileRef = 01D96768232973D7008DC99C /* SearchViewController.swift */; };
		01DA8485232CF7A900BEEAEC /* Request.swift in Sources */ = {isa = PBXBuildFile; fileRef = 01DA8484232CF7A900BEEAEC /* Request.swift */; };
		01DA8487232CF9BB00BEEAEC /* CemeteryRequest.swift in Sources */ = {isa = PBXBuildFile; fileRef = 01DA8486232CF9BB00BEEAEC /* CemeteryRequest.swift */; };
		01DA8489232CFA8A00BEEAEC /* GraveRequest.swift in Sources */ = {isa = PBXBuildFile; fileRef = 01DA8488232CFA8A00BEEAEC /* GraveRequest.swift */; };
		01DA848B232D0A4D00BEEAEC /* GraveListViewController.swift in Sources */ = {isa = PBXBuildFile; fileRef = 01DA848A232D0A4D00BEEAEC /* GraveListViewController.swift */; };
		01DD6478232FE7B5005ECA74 /* Date+isValid.swift in Sources */ = {isa = PBXBuildFile; fileRef = 01DD6477232FE7B5005ECA74 /* Date+isValid.swift */; };
		01E20B96233672C1005EAA43 /* CemeteryModelTests.swift in Sources */ = {isa = PBXBuildFile; fileRef = 01E20B95233672C1005EAA43 /* CemeteryModelTests.swift */; };
		01E20B9823367400005EAA43 /* SearchModelTests.swift in Sources */ = {isa = PBXBuildFile; fileRef = 01E20B9723367400005EAA43 /* SearchModelTests.swift */; };
		01E20B9A2336750F005EAA43 /* DelegateSpies.swift in Sources */ = {isa = PBXBuildFile; fileRef = 01E20B992336750F005EAA43 /* DelegateSpies.swift */; };
		01F01D252332228E00B81B05 /* Coordinate.swift in Sources */ = {isa = PBXBuildFile; fileRef = 01F01D242332228E00B81B05 /* Coordinate.swift */; };
		C18FCBC9AECD883EEC504AA7 /* Pods_Poznanskie_CmentarzeUITests.framework in Frameworks */ = {isa = PBXBuildFile; fileRef = A729B042A410E77DE0E1E3A9 /* Pods_Poznanskie_CmentarzeUITests.framework */; };
		C787C1CAC25F87EF8BE88493 /* Pods_Poznanskie_CmentarzeTests.framework in Frameworks */ = {isa = PBXBuildFile; fileRef = 55C54266032B6628F69B1256 /* Pods_Poznanskie_CmentarzeTests.framework */; };
		E68AF4CD323BDE176573BC91 /* Pods_Poznanskie_Cmentarze.framework in Frameworks */ = {isa = PBXBuildFile; fileRef = 48D396D111B4D400C8D5D861 /* Pods_Poznanskie_Cmentarze.framework */; };
/* End PBXBuildFile section */

/* Begin PBXContainerItemProxy section */
		01050EB62261DFD3004404B6 /* PBXContainerItemProxy */ = {
			isa = PBXContainerItemProxy;
			containerPortal = 01050E992261DFCE004404B6 /* Project object */;
			proxyType = 1;
			remoteGlobalIDString = 01050EA02261DFCE004404B6;
			remoteInfo = "Poznanskie Cmentarze";
		};
		01050EC12261DFD3004404B6 /* PBXContainerItemProxy */ = {
			isa = PBXContainerItemProxy;
			containerPortal = 01050E992261DFCE004404B6 /* Project object */;
			proxyType = 1;
			remoteGlobalIDString = 01050EA02261DFCE004404B6;
			remoteInfo = "Poznanskie Cmentarze";
		};
/* End PBXContainerItemProxy section */

/* Begin PBXFileReference section */
		01050EA12261DFCE004404B6 /* Poznanskie Cmentarze.app */ = {isa = PBXFileReference; explicitFileType = wrapper.application; includeInIndex = 0; path = "Poznanskie Cmentarze.app"; sourceTree = BUILT_PRODUCTS_DIR; };
		01050EA92261DFCE004404B6 /* Base */ = {isa = PBXFileReference; lastKnownFileType = file.storyboard; name = Base; path = Base.lproj/Main.storyboard; sourceTree = "<group>"; };
		01050EAB2261DFD2004404B6 /* Assets.xcassets */ = {isa = PBXFileReference; lastKnownFileType = folder.assetcatalog; path = Assets.xcassets; sourceTree = "<group>"; };
		01050EAE2261DFD2004404B6 /* Base */ = {isa = PBXFileReference; lastKnownFileType = file.storyboard; name = Base; path = Base.lproj/LaunchScreen.storyboard; sourceTree = "<group>"; };
		01050EB02261DFD2004404B6 /* Info.plist */ = {isa = PBXFileReference; lastKnownFileType = text.plist.xml; path = Info.plist; sourceTree = "<group>"; };
		01050EB52261DFD3004404B6 /* Poznanskie CmentarzeTests.xctest */ = {isa = PBXFileReference; explicitFileType = wrapper.cfbundle; includeInIndex = 0; path = "Poznanskie CmentarzeTests.xctest"; sourceTree = BUILT_PRODUCTS_DIR; };
		01050EBB2261DFD3004404B6 /* Info.plist */ = {isa = PBXFileReference; lastKnownFileType = text.plist.xml; path = Info.plist; sourceTree = "<group>"; };
		01050EC02261DFD3004404B6 /* Poznanskie CmentarzeUITests.xctest */ = {isa = PBXFileReference; explicitFileType = wrapper.cfbundle; includeInIndex = 0; path = "Poznanskie CmentarzeUITests.xctest"; sourceTree = BUILT_PRODUCTS_DIR; };
		01050EC42261DFD3004404B6 /* Poznanskie_CmentarzeUITests.swift */ = {isa = PBXFileReference; lastKnownFileType = sourcecode.swift; path = Poznanskie_CmentarzeUITests.swift; sourceTree = "<group>"; };
		01050EC62261DFD3004404B6 /* Info.plist */ = {isa = PBXFileReference; lastKnownFileType = text.plist.xml; path = Info.plist; sourceTree = "<group>"; };
		01050ED72261F52A004404B6 /* PlayfairDisplay-Bold.ttf */ = {isa = PBXFileReference; lastKnownFileType = file; path = "PlayfairDisplay-Bold.ttf"; sourceTree = "<group>"; };
		01050ED82261F52A004404B6 /* PlayfairDisplay-Regular.ttf */ = {isa = PBXFileReference; lastKnownFileType = file; path = "PlayfairDisplay-Regular.ttf"; sourceTree = "<group>"; };
		01050ED92261F52A004404B6 /* OFL.txt */ = {isa = PBXFileReference; fileEncoding = 4; lastKnownFileType = text; path = OFL.txt; sourceTree = "<group>"; };
		01050EDB2261F52A004404B6 /* OpenSans-Semibold.ttf */ = {isa = PBXFileReference; lastKnownFileType = file; path = "OpenSans-Semibold.ttf"; sourceTree = "<group>"; };
		01050EDC2261F52A004404B6 /* Apache License.txt */ = {isa = PBXFileReference; fileEncoding = 4; lastKnownFileType = text; path = "Apache License.txt"; sourceTree = "<group>"; };
		01050EDD2261F52A004404B6 /* OpenSans-Regular.ttf */ = {isa = PBXFileReference; lastKnownFileType = file; path = "OpenSans-Regular.ttf"; sourceTree = "<group>"; };
		01050EE72261F7EB004404B6 /* AppDelegate.swift */ = {isa = PBXFileReference; fileEncoding = 4; lastKnownFileType = sourcecode.swift; path = AppDelegate.swift; sourceTree = "<group>"; };
		01050EE82261F7EB004404B6 /* Color.swift */ = {isa = PBXFileReference; fileEncoding = 4; lastKnownFileType = sourcecode.swift; path = Color.swift; sourceTree = "<group>"; };
		01050EED2261F7EB004404B6 /* Constants.swift */ = {isa = PBXFileReference; fileEncoding = 4; lastKnownFileType = sourcecode.swift; path = Constants.swift; sourceTree = "<group>"; };
		01050EEF2261F7EB004404B6 /* Helper.swift */ = {isa = PBXFileReference; fileEncoding = 4; lastKnownFileType = sourcecode.swift; path = Helper.swift; sourceTree = "<group>"; };
		01050EF02261F7EB004404B6 /* Debouncer.swift */ = {isa = PBXFileReference; fileEncoding = 4; lastKnownFileType = sourcecode.swift; path = Debouncer.swift; sourceTree = "<group>"; };
		01050EF22261F7EB004404B6 /* Adapter.swift */ = {isa = PBXFileReference; fileEncoding = 4; lastKnownFileType = sourcecode.swift; path = Adapter.swift; sourceTree = "<group>"; };
		01050EF42261F7EB004404B6 /* UIViewController+Extensions.swift */ = {isa = PBXFileReference; fileEncoding = 4; lastKnownFileType = sourcecode.swift; path = "UIViewController+Extensions.swift"; sourceTree = "<group>"; };
		01050EF52261F7EB004404B6 /* UIView+Extensions.swift */ = {isa = PBXFileReference; fileEncoding = 4; lastKnownFileType = sourcecode.swift; path = "UIView+Extensions.swift"; sourceTree = "<group>"; };
		01050EF62261F7EB004404B6 /* UIFont+Extensions.swift */ = {isa = PBXFileReference; fileEncoding = 4; lastKnownFileType = sourcecode.swift; path = "UIFont+Extensions.swift"; sourceTree = "<group>"; };
		01050EF82261F7EB004404B6 /* UINavigationController+openMaps.swift */ = {isa = PBXFileReference; fileEncoding = 4; lastKnownFileType = sourcecode.swift; path = "UINavigationController+openMaps.swift"; sourceTree = "<group>"; };
		01050EF92261F7EB004404B6 /* NSLayoutConstraint+Extensions.swift */ = {isa = PBXFileReference; fileEncoding = 4; lastKnownFileType = sourcecode.swift; path = "NSLayoutConstraint+Extensions.swift"; sourceTree = "<group>"; };
		01050EFA2261F7EB004404B6 /* UIAlertController+Action.swift */ = {isa = PBXFileReference; fileEncoding = 4; lastKnownFileType = sourcecode.swift; path = "UIAlertController+Action.swift"; sourceTree = "<group>"; };
		01050EFC2261F7EB004404B6 /* GraveViewModel.swift */ = {isa = PBXFileReference; fileEncoding = 4; lastKnownFileType = sourcecode.swift; path = GraveViewModel.swift; sourceTree = "<group>"; };
		01050EFD2261F7EB004404B6 /* Cemetery.swift */ = {isa = PBXFileReference; fileEncoding = 4; lastKnownFileType = sourcecode.swift; path = Cemetery.swift; sourceTree = "<group>"; };
		01050EFE2261F7EB004404B6 /* Grave.swift */ = {isa = PBXFileReference; fileEncoding = 4; lastKnownFileType = sourcecode.swift; path = Grave.swift; sourceTree = "<group>"; };
		01050EFF2261F7EB004404B6 /* Name.swift */ = {isa = PBXFileReference; fileEncoding = 4; lastKnownFileType = sourcecode.swift; path = Name.swift; sourceTree = "<group>"; };
		01050F012261F7EB004404B6 /* EmptyView.swift */ = {isa = PBXFileReference; fileEncoding = 4; lastKnownFileType = sourcecode.swift; path = EmptyView.swift; sourceTree = "<group>"; };
		01050F092261F7EB004404B6 /* BaseController.swift */ = {isa = PBXFileReference; fileEncoding = 4; lastKnownFileType = sourcecode.swift; path = BaseController.swift; sourceTree = "<group>"; };
		01050F172261F7EB004404B6 /* GraveDetailViewController.swift */ = {isa = PBXFileReference; fileEncoding = 4; lastKnownFileType = sourcecode.swift; path = GraveDetailViewController.swift; sourceTree = "<group>"; };
		01050F1A2261F7EB004404B6 /* GraveCell.swift */ = {isa = PBXFileReference; fileEncoding = 4; lastKnownFileType = sourcecode.swift; path = GraveCell.swift; sourceTree = "<group>"; };
		01050F202261F7EB004404B6 /* CemeteryDetailViewController.swift */ = {isa = PBXFileReference; fileEncoding = 4; lastKnownFileType = sourcecode.swift; path = CemeteryDetailViewController.swift; sourceTree = "<group>"; };
		01050F222261F7EB004404B6 /* CemeteryCell.swift */ = {isa = PBXFileReference; fileEncoding = 4; lastKnownFileType = sourcecode.swift; path = CemeteryCell.swift; sourceTree = "<group>"; };
		01050F552261F92A004404B6 /* Default-568h@2x.png */ = {isa = PBXFileReference; lastKnownFileType = image.png; path = "Default-568h@2x.png"; sourceTree = "<group>"; };
		01050F592262030B004404B6 /* DebouncerTests.swift */ = {isa = PBXFileReference; fileEncoding = 4; lastKnownFileType = sourcecode.swift; path = DebouncerTests.swift; sourceTree = "<group>"; };
		01050F5B2262030B004404B6 /* GraveViewModelTests.swift */ = {isa = PBXFileReference; fileEncoding = 4; lastKnownFileType = sourcecode.swift; path = GraveViewModelTests.swift; sourceTree = "<group>"; };
		01050F5C2262030B004404B6 /* GraveTests.swift */ = {isa = PBXFileReference; fileEncoding = 4; lastKnownFileType = sourcecode.swift; path = GraveTests.swift; sourceTree = "<group>"; };
		01050F5D2262030B004404B6 /* CemeteryTests.swift */ = {isa = PBXFileReference; fileEncoding = 4; lastKnownFileType = sourcecode.swift; path = CemeteryTests.swift; sourceTree = "<group>"; };
		01050F622262030C004404B6 /* graves.json */ = {isa = PBXFileReference; fileEncoding = 4; lastKnownFileType = text.json; path = graves.json; sourceTree = "<group>"; };
		01050F632262030C004404B6 /* singleGrave.json */ = {isa = PBXFileReference; fileEncoding = 4; lastKnownFileType = text.json; path = singleGrave.json; sourceTree = "<group>"; };
		01050F642262030C004404B6 /* cemeteries.json */ = {isa = PBXFileReference; fileEncoding = 4; lastKnownFileType = text.json; path = cemeteries.json; sourceTree = "<group>"; };
		01050F652262030C004404B6 /* singleCemetery.json */ = {isa = PBXFileReference; fileEncoding = 4; lastKnownFileType = text.json; path = singleCemetery.json; sourceTree = "<group>"; };
		011656A32328E96C008A15AC /* CemeteryModel.swift */ = {isa = PBXFileReference; lastKnownFileType = sourcecode.swift; path = CemeteryModel.swift; sourceTree = "<group>"; };
		011656A52328F0BA008A15AC /* ApiSession.swift */ = {isa = PBXFileReference; lastKnownFileType = sourcecode.swift; path = ApiSession.swift; sourceTree = "<group>"; };
		011656A7232906A1008A15AC /* CemeteryViewController.swift */ = {isa = PBXFileReference; lastKnownFileType = sourcecode.swift; path = CemeteryViewController.swift; sourceTree = "<group>"; };
		011656A923293689008A15AC /* SearchModel.swift */ = {isa = PBXFileReference; lastKnownFileType = sourcecode.swift; path = SearchModel.swift; sourceTree = "<group>"; };
		015EA022231567E700095C1C /* DetailView.swift */ = {isa = PBXFileReference; lastKnownFileType = sourcecode.swift; path = DetailView.swift; sourceTree = "<group>"; };
		015EA02423158CA700095C1C /* ClosureSleeve.swift */ = {isa = PBXFileReference; lastKnownFileType = sourcecode.swift; path = ClosureSleeve.swift; sourceTree = "<group>"; };
		015EA02623158CE500095C1C /* UIControl+addAction.swift */ = {isa = PBXFileReference; lastKnownFileType = sourcecode.swift; path = "UIControl+addAction.swift"; sourceTree = "<group>"; };
		015EA02823158D4A00095C1C /* DetailViewControllerType.swift */ = {isa = PBXFileReference; lastKnownFileType = sourcecode.swift; path = DetailViewControllerType.swift; sourceTree = "<group>"; };
		01626224232F972200BC7BCC /* DateFormatter+extensions.swift */ = {isa = PBXFileReference; lastKnownFileType = sourcecode.swift; path = "DateFormatter+extensions.swift"; sourceTree = "<group>"; };
		016506702321613F003F63FB /* String+Extensions.swift */ = {isa = PBXFileReference; lastKnownFileType = sourcecode.swift; path = "String+Extensions.swift"; sourceTree = "<group>"; };
		017B69A02330FFDD00A82323 /* MockNetworkEngine.swift */ = {isa = PBXFileReference; lastKnownFileType = sourcecode.swift; path = MockNetworkEngine.swift; sourceTree = "<group>"; };
		01BA647D2319358300C9AB0E /* GraveCollection.swift */ = {isa = PBXFileReference; lastKnownFileType = sourcecode.swift; path = GraveCollection.swift; sourceTree = "<group>"; };
		01D838A22264F4D0006802B3 /* R.generated.swift */ = {isa = PBXFileReference; fileEncoding = 4; lastKnownFileType = sourcecode.swift; path = R.generated.swift; sourceTree = "<group>"; };
		01D96768232973D7008DC99C /* SearchViewController.swift */ = {isa = PBXFileReference; lastKnownFileType = sourcecode.swift; path = SearchViewController.swift; sourceTree = "<group>"; };
		01DA8484232CF7A900BEEAEC /* Request.swift */ = {isa = PBXFileReference; lastKnownFileType = sourcecode.swift; path = Request.swift; sourceTree = "<group>"; };
		01DA8486232CF9BB00BEEAEC /* CemeteryRequest.swift */ = {isa = PBXFileReference; lastKnownFileType = sourcecode.swift; path = CemeteryRequest.swift; sourceTree = "<group>"; };
		01DA8488232CFA8A00BEEAEC /* GraveRequest.swift */ = {isa = PBXFileReference; lastKnownFileType = sourcecode.swift; path = GraveRequest.swift; sourceTree = "<group>"; };
		01DA848A232D0A4D00BEEAEC /* GraveListViewController.swift */ = {isa = PBXFileReference; lastKnownFileType = sourcecode.swift; path = GraveListViewController.swift; sourceTree = "<group>"; };
		01DD6477232FE7B5005ECA74 /* Date+isValid.swift */ = {isa = PBXFileReference; lastKnownFileType = sourcecode.swift; path = "Date+isValid.swift"; sourceTree = "<group>"; };
		01E20B95233672C1005EAA43 /* CemeteryModelTests.swift */ = {isa = PBXFileReference; lastKnownFileType = sourcecode.swift; path = CemeteryModelTests.swift; sourceTree = "<group>"; };
		01E20B9723367400005EAA43 /* SearchModelTests.swift */ = {isa = PBXFileReference; lastKnownFileType = sourcecode.swift; path = SearchModelTests.swift; sourceTree = "<group>"; };
		01E20B992336750F005EAA43 /* DelegateSpies.swift */ = {isa = PBXFileReference; lastKnownFileType = sourcecode.swift; path = DelegateSpies.swift; sourceTree = "<group>"; };
		01F01D242332228E00B81B05 /* Coordinate.swift */ = {isa = PBXFileReference; lastKnownFileType = sourcecode.swift; path = Coordinate.swift; sourceTree = "<group>"; };
		0299287C5C0A71CC68354BB9 /* Pods-Poznanskie Cmentarze.debug.xcconfig */ = {isa = PBXFileReference; includeInIndex = 1; lastKnownFileType = text.xcconfig; name = "Pods-Poznanskie Cmentarze.debug.xcconfig"; path = "Pods/Target Support Files/Pods-Poznanskie Cmentarze/Pods-Poznanskie Cmentarze.debug.xcconfig"; sourceTree = "<group>"; };
		09346403EFE5CD9BE474937F /* Pods-Poznanskie CmentarzeTests.release.xcconfig */ = {isa = PBXFileReference; includeInIndex = 1; lastKnownFileType = text.xcconfig; name = "Pods-Poznanskie CmentarzeTests.release.xcconfig"; path = "Pods/Target Support Files/Pods-Poznanskie CmentarzeTests/Pods-Poznanskie CmentarzeTests.release.xcconfig"; sourceTree = "<group>"; };
		24F84C213EB72C7571D2264F /* Pods-Poznanskie CmentarzeUITests.release.xcconfig */ = {isa = PBXFileReference; includeInIndex = 1; lastKnownFileType = text.xcconfig; name = "Pods-Poznanskie CmentarzeUITests.release.xcconfig"; path = "Pods/Target Support Files/Pods-Poznanskie CmentarzeUITests/Pods-Poznanskie CmentarzeUITests.release.xcconfig"; sourceTree = "<group>"; };
		48D396D111B4D400C8D5D861 /* Pods_Poznanskie_Cmentarze.framework */ = {isa = PBXFileReference; explicitFileType = wrapper.framework; includeInIndex = 0; path = Pods_Poznanskie_Cmentarze.framework; sourceTree = BUILT_PRODUCTS_DIR; };
		498831BDE5DC4A9EED270E00 /* Pods-Poznanskie Cmentarze.release.xcconfig */ = {isa = PBXFileReference; includeInIndex = 1; lastKnownFileType = text.xcconfig; name = "Pods-Poznanskie Cmentarze.release.xcconfig"; path = "Pods/Target Support Files/Pods-Poznanskie Cmentarze/Pods-Poznanskie Cmentarze.release.xcconfig"; sourceTree = "<group>"; };
		55C54266032B6628F69B1256 /* Pods_Poznanskie_CmentarzeTests.framework */ = {isa = PBXFileReference; explicitFileType = wrapper.framework; includeInIndex = 0; path = Pods_Poznanskie_CmentarzeTests.framework; sourceTree = BUILT_PRODUCTS_DIR; };
		7A488AE4B1C9973581F6FD9F /* Pods-Poznanskie CmentarzeTests.debug.xcconfig */ = {isa = PBXFileReference; includeInIndex = 1; lastKnownFileType = text.xcconfig; name = "Pods-Poznanskie CmentarzeTests.debug.xcconfig"; path = "Pods/Target Support Files/Pods-Poznanskie CmentarzeTests/Pods-Poznanskie CmentarzeTests.debug.xcconfig"; sourceTree = "<group>"; };
		A729B042A410E77DE0E1E3A9 /* Pods_Poznanskie_CmentarzeUITests.framework */ = {isa = PBXFileReference; explicitFileType = wrapper.framework; includeInIndex = 0; path = Pods_Poznanskie_CmentarzeUITests.framework; sourceTree = BUILT_PRODUCTS_DIR; };
		DF2382143C82203BB24821B3 /* Pods-Poznanskie CmentarzeUITests.debug.xcconfig */ = {isa = PBXFileReference; includeInIndex = 1; lastKnownFileType = text.xcconfig; name = "Pods-Poznanskie CmentarzeUITests.debug.xcconfig"; path = "Pods/Target Support Files/Pods-Poznanskie CmentarzeUITests/Pods-Poznanskie CmentarzeUITests.debug.xcconfig"; sourceTree = "<group>"; };
/* End PBXFileReference section */

/* Begin PBXFrameworksBuildPhase section */
		01050E9E2261DFCE004404B6 /* Frameworks */ = {
			isa = PBXFrameworksBuildPhase;
			buildActionMask = 2147483647;
			files = (
				E68AF4CD323BDE176573BC91 /* Pods_Poznanskie_Cmentarze.framework in Frameworks */,
			);
			runOnlyForDeploymentPostprocessing = 0;
		};
		01050EB22261DFD3004404B6 /* Frameworks */ = {
			isa = PBXFrameworksBuildPhase;
			buildActionMask = 2147483647;
			files = (
				C787C1CAC25F87EF8BE88493 /* Pods_Poznanskie_CmentarzeTests.framework in Frameworks */,
			);
			runOnlyForDeploymentPostprocessing = 0;
		};
		01050EBD2261DFD3004404B6 /* Frameworks */ = {
			isa = PBXFrameworksBuildPhase;
			buildActionMask = 2147483647;
			files = (
				C18FCBC9AECD883EEC504AA7 /* Pods_Poznanskie_CmentarzeUITests.framework in Frameworks */,
			);
			runOnlyForDeploymentPostprocessing = 0;
		};
/* End PBXFrameworksBuildPhase section */

/* Begin PBXGroup section */
		01050E982261DFCE004404B6 = {
			isa = PBXGroup;
			children = (
				01050F552261F92A004404B6 /* Default-568h@2x.png */,
				01050EA32261DFCE004404B6 /* Poznanskie Cmentarze */,
				01050EB82261DFD3004404B6 /* Poznanskie CmentarzeTests */,
				01050EC32261DFD3004404B6 /* Poznanskie CmentarzeUITests */,
				01050EA22261DFCE004404B6 /* Products */,
				94E5240815798CE0AB223C03 /* Pods */,
				F1AC653EFDBB3E38B394BBAA /* Frameworks */,
			);
			sourceTree = "<group>";
		};
		01050EA22261DFCE004404B6 /* Products */ = {
			isa = PBXGroup;
			children = (
				01050EA12261DFCE004404B6 /* Poznanskie Cmentarze.app */,
				01050EB52261DFD3004404B6 /* Poznanskie CmentarzeTests.xctest */,
				01050EC02261DFD3004404B6 /* Poznanskie CmentarzeUITests.xctest */,
			);
			name = Products;
			sourceTree = "<group>";
		};
		01050EA32261DFCE004404B6 /* Poznanskie Cmentarze */ = {
			isa = PBXGroup;
			children = (
				01050EE42261F7EB004404B6 /* Source */,
				01050ED22261EE67004404B6 /* Resource */,
			);
			path = "Poznanskie Cmentarze";
			sourceTree = "<group>";
		};
		01050EB82261DFD3004404B6 /* Poznanskie CmentarzeTests */ = {
			isa = PBXGroup;
			children = (
				01050F612262030C004404B6 /* Fixture */,
				01050F572262030B004404B6 /* Library */,
				01050F662262030C004404B6 /* Mock */,
				01050EBB2261DFD3004404B6 /* Info.plist */,
			);
			path = "Poznanskie CmentarzeTests";
			sourceTree = "<group>";
		};
		01050EC32261DFD3004404B6 /* Poznanskie CmentarzeUITests */ = {
			isa = PBXGroup;
			children = (
				01050EC42261DFD3004404B6 /* Poznanskie_CmentarzeUITests.swift */,
				01050EC62261DFD3004404B6 /* Info.plist */,
			);
			path = "Poznanskie CmentarzeUITests";
			sourceTree = "<group>";
		};
		01050ED22261EE67004404B6 /* Resource */ = {
			isa = PBXGroup;
			children = (
				01050ED52261F52A004404B6 /* Fonts */,
				01050EA82261DFCE004404B6 /* Main.storyboard */,
				01050EAB2261DFD2004404B6 /* Assets.xcassets */,
				01050EAD2261DFD2004404B6 /* LaunchScreen.storyboard */,
				01050EB02261DFD2004404B6 /* Info.plist */,
			);
			path = Resource;
			sourceTree = "<group>";
		};
		01050ED52261F52A004404B6 /* Fonts */ = {
			isa = PBXGroup;
			children = (
				01050ED62261F52A004404B6 /* PlayfairDisplay */,
				01050EDA2261F52A004404B6 /* Open Sans */,
			);
			name = Fonts;
			path = "Poznanskie Cmentarze/Fonts";
			sourceTree = SOURCE_ROOT;
		};
		01050ED62261F52A004404B6 /* PlayfairDisplay */ = {
			isa = PBXGroup;
			children = (
				01050ED72261F52A004404B6 /* PlayfairDisplay-Bold.ttf */,
				01050ED82261F52A004404B6 /* PlayfairDisplay-Regular.ttf */,
				01050ED92261F52A004404B6 /* OFL.txt */,
			);
			path = PlayfairDisplay;
			sourceTree = "<group>";
		};
		01050EDA2261F52A004404B6 /* Open Sans */ = {
			isa = PBXGroup;
			children = (
				01050EDB2261F52A004404B6 /* OpenSans-Semibold.ttf */,
				01050EDC2261F52A004404B6 /* Apache License.txt */,
				01050EDD2261F52A004404B6 /* OpenSans-Regular.ttf */,
			);
			path = "Open Sans";
			sourceTree = "<group>";
		};
		01050EE42261F7EB004404B6 /* Source */ = {
			isa = PBXGroup;
			children = (
				01050EE52261F7EB004404B6 /* Library */,
				01050F0F2261F7EB004404B6 /* Feature */,
			);
			path = Source;
			sourceTree = "<group>";
		};
		01050EE52261F7EB004404B6 /* Library */ = {
			isa = PBXGroup;
			children = (
				01050EE62261F7EB004404B6 /* App */,
				01050EE92261F7EB004404B6 /* Networking */,
				01050EEC2261F7EB004404B6 /* Constants */,
				01050EEE2261F7EB004404B6 /* Utils */,
				01050EF12261F7EB004404B6 /* Adapter */,
				01050EF32261F7EB004404B6 /* Extensions */,
				01050EFB2261F7EB004404B6 /* Model */,
				01050F002261F7EB004404B6 /* View */,
				01050F082261F7EB004404B6 /* Base */,
			);
			path = Library;
			sourceTree = "<group>";
		};
		01050EE62261F7EB004404B6 /* App */ = {
			isa = PBXGroup;
			children = (
				01050EE72261F7EB004404B6 /* AppDelegate.swift */,
				01050EE82261F7EB004404B6 /* Color.swift */,
			);
			path = App;
			sourceTree = "<group>";
		};
		01050EE92261F7EB004404B6 /* Networking */ = {
			isa = PBXGroup;
			children = (
				01DA8484232CF7A900BEEAEC /* Request.swift */,
				01DA8486232CF9BB00BEEAEC /* CemeteryRequest.swift */,
				01DA8488232CFA8A00BEEAEC /* GraveRequest.swift */,
				011656A52328F0BA008A15AC /* ApiSession.swift */,
			);
			path = Networking;
			sourceTree = "<group>";
		};
		01050EEC2261F7EB004404B6 /* Constants */ = {
			isa = PBXGroup;
			children = (
				01D838A22264F4D0006802B3 /* R.generated.swift */,
				01050EED2261F7EB004404B6 /* Constants.swift */,
			);
			path = Constants;
			sourceTree = "<group>";
		};
		01050EEE2261F7EB004404B6 /* Utils */ = {
			isa = PBXGroup;
			children = (
				01050EEF2261F7EB004404B6 /* Helper.swift */,
				01050EF02261F7EB004404B6 /* Debouncer.swift */,
				015EA02423158CA700095C1C /* ClosureSleeve.swift */,
			);
			path = Utils;
			sourceTree = "<group>";
		};
		01050EF12261F7EB004404B6 /* Adapter */ = {
			isa = PBXGroup;
			children = (
				01050EF22261F7EB004404B6 /* Adapter.swift */,
			);
			path = Adapter;
			sourceTree = "<group>";
		};
		01050EF32261F7EB004404B6 /* Extensions */ = {
			isa = PBXGroup;
			children = (
				01050EF42261F7EB004404B6 /* UIViewController+Extensions.swift */,
				016506702321613F003F63FB /* String+Extensions.swift */,
				01DD6477232FE7B5005ECA74 /* Date+isValid.swift */,
				01626224232F972200BC7BCC /* DateFormatter+extensions.swift */,
				01050EF52261F7EB004404B6 /* UIView+Extensions.swift */,
				01050EF62261F7EB004404B6 /* UIFont+Extensions.swift */,
				01050EF82261F7EB004404B6 /* UINavigationController+openMaps.swift */,
				01050EF92261F7EB004404B6 /* NSLayoutConstraint+Extensions.swift */,
				01050EFA2261F7EB004404B6 /* UIAlertController+Action.swift */,
				015EA02623158CE500095C1C /* UIControl+addAction.swift */,
				015EA02823158D4A00095C1C /* DetailViewControllerType.swift */,
			);
			path = Extensions;
			sourceTree = "<group>";
		};
		01050EFB2261F7EB004404B6 /* Model */ = {
			isa = PBXGroup;
			children = (
				01050EFC2261F7EB004404B6 /* GraveViewModel.swift */,
				01BA647D2319358300C9AB0E /* GraveCollection.swift */,
				01050EFD2261F7EB004404B6 /* Cemetery.swift */,
				01F01D242332228E00B81B05 /* Coordinate.swift */,
				01050EFE2261F7EB004404B6 /* Grave.swift */,
				01050EFF2261F7EB004404B6 /* Name.swift */,
				011656A32328E96C008A15AC /* CemeteryModel.swift */,
				011656A923293689008A15AC /* SearchModel.swift */,
			);
			path = Model;
			sourceTree = "<group>";
		};
		01050F002261F7EB004404B6 /* View */ = {
			isa = PBXGroup;
			children = (
				01050F012261F7EB004404B6 /* EmptyView.swift */,
				015EA022231567E700095C1C /* DetailView.swift */,
			);
			path = View;
			sourceTree = "<group>";
		};
		01050F082261F7EB004404B6 /* Base */ = {
			isa = PBXGroup;
			children = (
				01050F092261F7EB004404B6 /* BaseController.swift */,
			);
			path = Base;
			sourceTree = "<group>";
		};
		01050F0F2261F7EB004404B6 /* Feature */ = {
			isa = PBXGroup;
			children = (
				01050F102261F7EB004404B6 /* Graves */,
				01050F1B2261F7EB004404B6 /* Cemeteries */,
			);
			path = Feature;
			sourceTree = "<group>";
		};
		01050F102261F7EB004404B6 /* Graves */ = {
			isa = PBXGroup;
			children = (
				01050F152261F7EB004404B6 /* Detail */,
				01050F182261F7EB004404B6 /* List */,
				01D96768232973D7008DC99C /* SearchViewController.swift */,
			);
			path = Graves;
			sourceTree = "<group>";
		};
		01050F152261F7EB004404B6 /* Detail */ = {
			isa = PBXGroup;
			children = (
				01050F172261F7EB004404B6 /* GraveDetailViewController.swift */,
			);
			path = Detail;
			sourceTree = "<group>";
		};
		01050F182261F7EB004404B6 /* List */ = {
			isa = PBXGroup;
			children = (
				01DA848A232D0A4D00BEEAEC /* GraveListViewController.swift */,
				01050F1A2261F7EB004404B6 /* GraveCell.swift */,
			);
			path = List;
			sourceTree = "<group>";
		};
		01050F1B2261F7EB004404B6 /* Cemeteries */ = {
			isa = PBXGroup;
			children = (
				01050F1E2261F7EB004404B6 /* Detail */,
				011656A7232906A1008A15AC /* CemeteryViewController.swift */,
				01050F222261F7EB004404B6 /* CemeteryCell.swift */,
			);
			path = Cemeteries;
			sourceTree = "<group>";
		};
		01050F1E2261F7EB004404B6 /* Detail */ = {
			isa = PBXGroup;
			children = (
				01050F202261F7EB004404B6 /* CemeteryDetailViewController.swift */,
			);
			path = Detail;
			sourceTree = "<group>";
		};
		01050F572262030B004404B6 /* Library */ = {
			isa = PBXGroup;
			children = (
				01050F582262030B004404B6 /* Utils */,
				01050F5A2262030B004404B6 /* Model */,
			);
			path = Library;
			sourceTree = "<group>";
		};
		01050F582262030B004404B6 /* Utils */ = {
			isa = PBXGroup;
			children = (
				01050F592262030B004404B6 /* DebouncerTests.swift */,
			);
			path = Utils;
			sourceTree = "<group>";
		};
		01050F5A2262030B004404B6 /* Model */ = {
			isa = PBXGroup;
			children = (
				01050F5B2262030B004404B6 /* GraveViewModelTests.swift */,
				01050F5C2262030B004404B6 /* GraveTests.swift */,
				01050F5D2262030B004404B6 /* CemeteryTests.swift */,
				01E20B9723367400005EAA43 /* SearchModelTests.swift */,
				01E20B95233672C1005EAA43 /* CemeteryModelTests.swift */,
			);
			path = Model;
			sourceTree = "<group>";
		};
		01050F612262030C004404B6 /* Fixture */ = {
			isa = PBXGroup;
			children = (
				01050F622262030C004404B6 /* graves.json */,
				01050F632262030C004404B6 /* singleGrave.json */,
				01050F642262030C004404B6 /* cemeteries.json */,
				01050F652262030C004404B6 /* singleCemetery.json */,
			);
			path = Fixture;
			sourceTree = "<group>";
		};
		01050F662262030C004404B6 /* Mock */ = {
			isa = PBXGroup;
			children = (
				017B69A02330FFDD00A82323 /* MockNetworkEngine.swift */,
				01E20B992336750F005EAA43 /* DelegateSpies.swift */,
			);
			path = Mock;
			sourceTree = "<group>";
		};
		94E5240815798CE0AB223C03 /* Pods */ = {
			isa = PBXGroup;
			children = (
				0299287C5C0A71CC68354BB9 /* Pods-Poznanskie Cmentarze.debug.xcconfig */,
				498831BDE5DC4A9EED270E00 /* Pods-Poznanskie Cmentarze.release.xcconfig */,
				7A488AE4B1C9973581F6FD9F /* Pods-Poznanskie CmentarzeTests.debug.xcconfig */,
				09346403EFE5CD9BE474937F /* Pods-Poznanskie CmentarzeTests.release.xcconfig */,
				DF2382143C82203BB24821B3 /* Pods-Poznanskie CmentarzeUITests.debug.xcconfig */,
				24F84C213EB72C7571D2264F /* Pods-Poznanskie CmentarzeUITests.release.xcconfig */,
			);
			name = Pods;
			sourceTree = "<group>";
		};
		F1AC653EFDBB3E38B394BBAA /* Frameworks */ = {
			isa = PBXGroup;
			children = (
				48D396D111B4D400C8D5D861 /* Pods_Poznanskie_Cmentarze.framework */,
				55C54266032B6628F69B1256 /* Pods_Poznanskie_CmentarzeTests.framework */,
				A729B042A410E77DE0E1E3A9 /* Pods_Poznanskie_CmentarzeUITests.framework */,
			);
			name = Frameworks;
			sourceTree = "<group>";
		};
/* End PBXGroup section */

/* Begin PBXNativeTarget section */
		01050EA02261DFCE004404B6 /* Poznanskie Cmentarze */ = {
			isa = PBXNativeTarget;
			buildConfigurationList = 01050EC92261DFD3004404B6 /* Build configuration list for PBXNativeTarget "Poznanskie Cmentarze" */;
			buildPhases = (
				7D351D84F1E903325C81C8F1 /* [CP] Check Pods Manifest.lock */,
				01D8389F2264EF4F006802B3 /* R.swift */,
				01050E9D2261DFCE004404B6 /* Sources */,
				01050E9E2261DFCE004404B6 /* Frameworks */,
				01050E9F2261DFCE004404B6 /* Resources */,
				01EE4D6622625B5000031350 /* SwiftLint */,
				0027DCD8BB0941536AF795CC /* [CP] Embed Pods Frameworks */,
			);
			buildRules = (
			);
			dependencies = (
			);
			name = "Poznanskie Cmentarze";
			productName = "Poznanskie Cmentarze";
			productReference = 01050EA12261DFCE004404B6 /* Poznanskie Cmentarze.app */;
			productType = "com.apple.product-type.application";
		};
		01050EB42261DFD3004404B6 /* Poznanskie CmentarzeTests */ = {
			isa = PBXNativeTarget;
			buildConfigurationList = 01050ECC2261DFD3004404B6 /* Build configuration list for PBXNativeTarget "Poznanskie CmentarzeTests" */;
			buildPhases = (
				0B69DC32D178113F96D12A2C /* [CP] Check Pods Manifest.lock */,
				01050EB12261DFD3004404B6 /* Sources */,
				01050EB22261DFD3004404B6 /* Frameworks */,
				01050EB32261DFD3004404B6 /* Resources */,
			);
			buildRules = (
			);
			dependencies = (
				01050EB72261DFD3004404B6 /* PBXTargetDependency */,
			);
			name = "Poznanskie CmentarzeTests";
			productName = "Poznanskie CmentarzeTests";
			productReference = 01050EB52261DFD3004404B6 /* Poznanskie CmentarzeTests.xctest */;
			productType = "com.apple.product-type.bundle.unit-test";
		};
		01050EBF2261DFD3004404B6 /* Poznanskie CmentarzeUITests */ = {
			isa = PBXNativeTarget;
			buildConfigurationList = 01050ECF2261DFD3004404B6 /* Build configuration list for PBXNativeTarget "Poznanskie CmentarzeUITests" */;
			buildPhases = (
				325947DBCDA0AFCB3495B56B /* [CP] Check Pods Manifest.lock */,
				01050EBC2261DFD3004404B6 /* Sources */,
				01050EBD2261DFD3004404B6 /* Frameworks */,
				01050EBE2261DFD3004404B6 /* Resources */,
			);
			buildRules = (
			);
			dependencies = (
				01050EC22261DFD3004404B6 /* PBXTargetDependency */,
			);
			name = "Poznanskie CmentarzeUITests";
			productName = "Poznanskie CmentarzeUITests";
			productReference = 01050EC02261DFD3004404B6 /* Poznanskie CmentarzeUITests.xctest */;
			productType = "com.apple.product-type.bundle.ui-testing";
		};
/* End PBXNativeTarget section */

/* Begin PBXProject section */
		01050E992261DFCE004404B6 /* Project object */ = {
			isa = PBXProject;
			attributes = {
				LastSwiftUpdateCheck = 1020;
				LastUpgradeCheck = 1020;
				ORGANIZATIONNAME = "Wojtek Skotak";
				TargetAttributes = {
					01050EA02261DFCE004404B6 = {
						CreatedOnToolsVersion = 10.2;
					};
					01050EB42261DFD3004404B6 = {
						CreatedOnToolsVersion = 10.2;
						TestTargetID = 01050EA02261DFCE004404B6;
					};
					01050EBF2261DFD3004404B6 = {
						CreatedOnToolsVersion = 10.2;
						TestTargetID = 01050EA02261DFCE004404B6;
					};
				};
			};
			buildConfigurationList = 01050E9C2261DFCE004404B6 /* Build configuration list for PBXProject "Poznanskie Cmentarze" */;
			compatibilityVersion = "Xcode 9.3";
			developmentRegion = en;
			hasScannedForEncodings = 0;
			knownRegions = (
				en,
				Base,
			);
			mainGroup = 01050E982261DFCE004404B6;
			productRefGroup = 01050EA22261DFCE004404B6 /* Products */;
			projectDirPath = "";
			projectRoot = "";
			targets = (
				01050EA02261DFCE004404B6 /* Poznanskie Cmentarze */,
				01050EB42261DFD3004404B6 /* Poznanskie CmentarzeTests */,
				01050EBF2261DFD3004404B6 /* Poznanskie CmentarzeUITests */,
			);
		};
/* End PBXProject section */

/* Begin PBXResourcesBuildPhase section */
		01050E9F2261DFCE004404B6 /* Resources */ = {
			isa = PBXResourcesBuildPhase;
			buildActionMask = 2147483647;
			files = (
				01050EE02261F52A004404B6 /* OFL.txt in Resources */,
				01050F562261F92A004404B6 /* Default-568h@2x.png in Resources */,
				01050EDF2261F52A004404B6 /* PlayfairDisplay-Regular.ttf in Resources */,
				01050EDE2261F52A004404B6 /* PlayfairDisplay-Bold.ttf in Resources */,
				01050EAF2261DFD2004404B6 /* LaunchScreen.storyboard in Resources */,
				01050EAC2261DFD2004404B6 /* Assets.xcassets in Resources */,
				01050EE22261F52A004404B6 /* Apache License.txt in Resources */,
				01050EE12261F52A004404B6 /* OpenSans-Semibold.ttf in Resources */,
				01050EE32261F52A004404B6 /* OpenSans-Regular.ttf in Resources */,
				01050EAA2261DFCE004404B6 /* Main.storyboard in Resources */,
			);
			runOnlyForDeploymentPostprocessing = 0;
		};
		01050EB32261DFD3004404B6 /* Resources */ = {
			isa = PBXResourcesBuildPhase;
			buildActionMask = 2147483647;
			files = (
				01050F6E2262030C004404B6 /* graves.json in Resources */,
				01050F702262030C004404B6 /* cemeteries.json in Resources */,
				01050F6F2262030C004404B6 /* singleGrave.json in Resources */,
				01050F712262030C004404B6 /* singleCemetery.json in Resources */,
			);
			runOnlyForDeploymentPostprocessing = 0;
		};
		01050EBE2261DFD3004404B6 /* Resources */ = {
			isa = PBXResourcesBuildPhase;
			buildActionMask = 2147483647;
			files = (
			);
			runOnlyForDeploymentPostprocessing = 0;
		};
/* End PBXResourcesBuildPhase section */

/* Begin PBXShellScriptBuildPhase section */
		0027DCD8BB0941536AF795CC /* [CP] Embed Pods Frameworks */ = {
			isa = PBXShellScriptBuildPhase;
			buildActionMask = 2147483647;
			files = (
			);
			inputFileListPaths = (
			);
			inputPaths = (
				"${SRCROOT}/Pods/Target Support Files/Pods-Poznanskie Cmentarze/Pods-Poznanskie Cmentarze-frameworks.sh",
				"${BUILT_PRODUCTS_DIR}/R.swift.Library/Rswift.framework",
			);
			name = "[CP] Embed Pods Frameworks";
			outputFileListPaths = (
			);
			outputPaths = (
				"${TARGET_BUILD_DIR}/${FRAMEWORKS_FOLDER_PATH}/Rswift.framework",
			);
			runOnlyForDeploymentPostprocessing = 0;
			shellPath = /bin/sh;
			shellScript = "\"${SRCROOT}/Pods/Target Support Files/Pods-Poznanskie Cmentarze/Pods-Poznanskie Cmentarze-frameworks.sh\"\n";
			showEnvVarsInLog = 0;
		};
		01D8389F2264EF4F006802B3 /* R.swift */ = {
			isa = PBXShellScriptBuildPhase;
			buildActionMask = 2147483647;
			files = (
			);
			inputFileListPaths = (
			);
			inputPaths = (
				"$TEMP_DIR/rswift-lastrun",
			);
			name = R.swift;
			outputFileListPaths = (
			);
			outputPaths = (
				"$SRCROOT/Poznanskie Cmentarze/Source/Library/Constants/R.generated.swift",
			);
			runOnlyForDeploymentPostprocessing = 0;
			shellPath = /bin/sh;
			shellScript = "\"$PODS_ROOT/R.swift/rswift\" generate \"$SRCROOT/Poznanskie Cmentarze/Source/Library/Constants/R.generated.swift\"\n";
		};
		01EE4D6622625B5000031350 /* SwiftLint */ = {
			isa = PBXShellScriptBuildPhase;
			buildActionMask = 2147483647;
			files = (
			);
			inputFileListPaths = (
			);
			inputPaths = (
			);
			name = SwiftLint;
			outputFileListPaths = (
			);
			outputPaths = (
			);
			runOnlyForDeploymentPostprocessing = 0;
			shellPath = /bin/sh;
			shellScript = "\"${PODS_ROOT}/SwiftLint/swiftlint\"\n";
		};
		0B69DC32D178113F96D12A2C /* [CP] Check Pods Manifest.lock */ = {
			isa = PBXShellScriptBuildPhase;
			buildActionMask = 2147483647;
			files = (
			);
			inputFileListPaths = (
			);
			inputPaths = (
				"${PODS_PODFILE_DIR_PATH}/Podfile.lock",
				"${PODS_ROOT}/Manifest.lock",
			);
			name = "[CP] Check Pods Manifest.lock";
			outputFileListPaths = (
			);
			outputPaths = (
				"$(DERIVED_FILE_DIR)/Pods-Poznanskie CmentarzeTests-checkManifestLockResult.txt",
			);
			runOnlyForDeploymentPostprocessing = 0;
			shellPath = /bin/sh;
			shellScript = "diff \"${PODS_PODFILE_DIR_PATH}/Podfile.lock\" \"${PODS_ROOT}/Manifest.lock\" > /dev/null\nif [ $? != 0 ] ; then\n    # print error to STDERR\n    echo \"error: The sandbox is not in sync with the Podfile.lock. Run 'pod install' or update your CocoaPods installation.\" >&2\n    exit 1\nfi\n# This output is used by Xcode 'outputs' to avoid re-running this script phase.\necho \"SUCCESS\" > \"${SCRIPT_OUTPUT_FILE_0}\"\n";
			showEnvVarsInLog = 0;
		};
		325947DBCDA0AFCB3495B56B /* [CP] Check Pods Manifest.lock */ = {
			isa = PBXShellScriptBuildPhase;
			buildActionMask = 2147483647;
			files = (
			);
			inputFileListPaths = (
			);
			inputPaths = (
				"${PODS_PODFILE_DIR_PATH}/Podfile.lock",
				"${PODS_ROOT}/Manifest.lock",
			);
			name = "[CP] Check Pods Manifest.lock";
			outputFileListPaths = (
			);
			outputPaths = (
				"$(DERIVED_FILE_DIR)/Pods-Poznanskie CmentarzeUITests-checkManifestLockResult.txt",
			);
			runOnlyForDeploymentPostprocessing = 0;
			shellPath = /bin/sh;
			shellScript = "diff \"${PODS_PODFILE_DIR_PATH}/Podfile.lock\" \"${PODS_ROOT}/Manifest.lock\" > /dev/null\nif [ $? != 0 ] ; then\n    # print error to STDERR\n    echo \"error: The sandbox is not in sync with the Podfile.lock. Run 'pod install' or update your CocoaPods installation.\" >&2\n    exit 1\nfi\n# This output is used by Xcode 'outputs' to avoid re-running this script phase.\necho \"SUCCESS\" > \"${SCRIPT_OUTPUT_FILE_0}\"\n";
			showEnvVarsInLog = 0;
		};
		7D351D84F1E903325C81C8F1 /* [CP] Check Pods Manifest.lock */ = {
			isa = PBXShellScriptBuildPhase;
			buildActionMask = 2147483647;
			files = (
			);
			inputFileListPaths = (
			);
			inputPaths = (
				"${PODS_PODFILE_DIR_PATH}/Podfile.lock",
				"${PODS_ROOT}/Manifest.lock",
			);
			name = "[CP] Check Pods Manifest.lock";
			outputFileListPaths = (
			);
			outputPaths = (
				"$(DERIVED_FILE_DIR)/Pods-Poznanskie Cmentarze-checkManifestLockResult.txt",
			);
			runOnlyForDeploymentPostprocessing = 0;
			shellPath = /bin/sh;
			shellScript = "diff \"${PODS_PODFILE_DIR_PATH}/Podfile.lock\" \"${PODS_ROOT}/Manifest.lock\" > /dev/null\nif [ $? != 0 ] ; then\n    # print error to STDERR\n    echo \"error: The sandbox is not in sync with the Podfile.lock. Run 'pod install' or update your CocoaPods installation.\" >&2\n    exit 1\nfi\n# This output is used by Xcode 'outputs' to avoid re-running this script phase.\necho \"SUCCESS\" > \"${SCRIPT_OUTPUT_FILE_0}\"\n";
			showEnvVarsInLog = 0;
		};
/* End PBXShellScriptBuildPhase section */

/* Begin PBXSourcesBuildPhase section */
		01050E9D2261DFCE004404B6 /* Sources */ = {
			isa = PBXSourcesBuildPhase;
			buildActionMask = 2147483647;
			files = (
				01050F372261F7EB004404B6 /* GraveViewModel.swift in Sources */,
				01DA8485232CF7A900BEEAEC /* Request.swift in Sources */,
				01050F2C2261F7EB004404B6 /* Constants.swift in Sources */,
				01050F4E2261F7EB004404B6 /* CemeteryDetailViewController.swift in Sources */,
				01050F352261F7EB004404B6 /* NSLayoutConstraint+Extensions.swift in Sources */,
				015EA02523158CA700095C1C /* ClosureSleeve.swift in Sources */,
				01050F322261F7EB004404B6 /* UIFont+Extensions.swift in Sources */,
				01050F2F2261F7EB004404B6 /* Adapter.swift in Sources */,
				01050F362261F7EB004404B6 /* UIAlertController+Action.swift in Sources */,
				01050F312261F7EB004404B6 /* UIView+Extensions.swift in Sources */,
				011656A42328E96C008A15AC /* CemeteryModel.swift in Sources */,
				01050F3A2261F7EB004404B6 /* Name.swift in Sources */,
				01050F342261F7EB004404B6 /* UINavigationController+openMaps.swift in Sources */,
				01050F2E2261F7EB004404B6 /* Debouncer.swift in Sources */,
				01BA647E2319358300C9AB0E /* GraveCollection.swift in Sources */,
				01050F302261F7EB004404B6 /* UIViewController+Extensions.swift in Sources */,
				01050F4F2261F7EB004404B6 /* CemeteryCell.swift in Sources */,
				01050F382261F7EB004404B6 /* Cemetery.swift in Sources */,
				01DD6478232FE7B5005ECA74 /* Date+isValid.swift in Sources */,
				011656A62328F0BA008A15AC /* ApiSession.swift in Sources */,
				011656AA23293689008A15AC /* SearchModel.swift in Sources */,
				015EA02923158D4A00095C1C /* DetailViewControllerType.swift in Sources */,
				01626225232F972200BC7BCC /* DateFormatter+extensions.swift in Sources */,
				01050F412261F7EB004404B6 /* BaseController.swift in Sources */,
				015EA023231567E700095C1C /* DetailView.swift in Sources */,
				01D96769232973D7008DC99C /* SearchViewController.swift in Sources */,
				016506712321613F003F63FB /* String+Extensions.swift in Sources */,
				01D838A32264F4D0006802B3 /* R.generated.swift in Sources */,
				01DA8489232CFA8A00BEEAEC /* GraveRequest.swift in Sources */,
				01DA848B232D0A4D00BEEAEC /* GraveListViewController.swift in Sources */,
				011656A8232906A1008A15AC /* CemeteryViewController.swift in Sources */,
				01050F282261F7EB004404B6 /* AppDelegate.swift in Sources */,
				01050F3B2261F7EB004404B6 /* EmptyView.swift in Sources */,
				01050F292261F7EB004404B6 /* Color.swift in Sources */,
				01050F492261F7EB004404B6 /* GraveDetailViewController.swift in Sources */,
				01DA8487232CF9BB00BEEAEC /* CemeteryRequest.swift in Sources */,
				01050F2D2261F7EB004404B6 /* Helper.swift in Sources */,
				01050F392261F7EB004404B6 /* Grave.swift in Sources */,
				015EA02723158CE500095C1C /* UIControl+addAction.swift in Sources */,
				01050F4B2261F7EB004404B6 /* GraveCell.swift in Sources */,
				01F01D252332228E00B81B05 /* Coordinate.swift in Sources */,
			);
			runOnlyForDeploymentPostprocessing = 0;
		};
		01050EB12261DFD3004404B6 /* Sources */ = {
			isa = PBXSourcesBuildPhase;
			buildActionMask = 2147483647;
			files = (
				01050F692262030C004404B6 /* GraveViewModelTests.swift in Sources */,
				017B69A12330FFDD00A82323 /* MockNetworkEngine.swift in Sources */,
				01E20B9823367400005EAA43 /* SearchModelTests.swift in Sources */,
				01E20B9A2336750F005EAA43 /* DelegateSpies.swift in Sources */,
				01050F682262030C004404B6 /* DebouncerTests.swift in Sources */,
				01E20B96233672C1005EAA43 /* CemeteryModelTests.swift in Sources */,
				01050F6A2262030C004404B6 /* GraveTests.swift in Sources */,
				01050F6B2262030C004404B6 /* CemeteryTests.swift in Sources */,
			);
			runOnlyForDeploymentPostprocessing = 0;
		};
		01050EBC2261DFD3004404B6 /* Sources */ = {
			isa = PBXSourcesBuildPhase;
			buildActionMask = 2147483647;
			files = (
				01050EC52261DFD3004404B6 /* Poznanskie_CmentarzeUITests.swift in Sources */,
			);
			runOnlyForDeploymentPostprocessing = 0;
		};
/* End PBXSourcesBuildPhase section */

/* Begin PBXTargetDependency section */
		01050EB72261DFD3004404B6 /* PBXTargetDependency */ = {
			isa = PBXTargetDependency;
			target = 01050EA02261DFCE004404B6 /* Poznanskie Cmentarze */;
			targetProxy = 01050EB62261DFD3004404B6 /* PBXContainerItemProxy */;
		};
		01050EC22261DFD3004404B6 /* PBXTargetDependency */ = {
			isa = PBXTargetDependency;
			target = 01050EA02261DFCE004404B6 /* Poznanskie Cmentarze */;
			targetProxy = 01050EC12261DFD3004404B6 /* PBXContainerItemProxy */;
		};
/* End PBXTargetDependency section */

/* Begin PBXVariantGroup section */
		01050EA82261DFCE004404B6 /* Main.storyboard */ = {
			isa = PBXVariantGroup;
			children = (
				01050EA92261DFCE004404B6 /* Base */,
			);
			name = Main.storyboard;
			sourceTree = "<group>";
		};
		01050EAD2261DFD2004404B6 /* LaunchScreen.storyboard */ = {
			isa = PBXVariantGroup;
			children = (
				01050EAE2261DFD2004404B6 /* Base */,
			);
			name = LaunchScreen.storyboard;
			sourceTree = "<group>";
		};
/* End PBXVariantGroup section */

/* Begin XCBuildConfiguration section */
		01050EC72261DFD3004404B6 /* Debug */ = {
			isa = XCBuildConfiguration;
			buildSettings = {
				ALWAYS_SEARCH_USER_PATHS = NO;
				CLANG_ANALYZER_NONNULL = YES;
				CLANG_ANALYZER_NUMBER_OBJECT_CONVERSION = YES_AGGRESSIVE;
				CLANG_CXX_LANGUAGE_STANDARD = "gnu++14";
				CLANG_CXX_LIBRARY = "libc++";
				CLANG_ENABLE_MODULES = YES;
				CLANG_ENABLE_OBJC_ARC = YES;
				CLANG_ENABLE_OBJC_WEAK = YES;
				CLANG_WARN_BLOCK_CAPTURE_AUTORELEASING = YES;
				CLANG_WARN_BOOL_CONVERSION = YES;
				CLANG_WARN_COMMA = YES;
				CLANG_WARN_CONSTANT_CONVERSION = YES;
				CLANG_WARN_DEPRECATED_OBJC_IMPLEMENTATIONS = YES;
				CLANG_WARN_DIRECT_OBJC_ISA_USAGE = YES_ERROR;
				CLANG_WARN_DOCUMENTATION_COMMENTS = YES;
				CLANG_WARN_EMPTY_BODY = YES;
				CLANG_WARN_ENUM_CONVERSION = YES;
				CLANG_WARN_INFINITE_RECURSION = YES;
				CLANG_WARN_INT_CONVERSION = YES;
				CLANG_WARN_NON_LITERAL_NULL_CONVERSION = YES;
				CLANG_WARN_OBJC_IMPLICIT_RETAIN_SELF = YES;
				CLANG_WARN_OBJC_LITERAL_CONVERSION = YES;
				CLANG_WARN_OBJC_ROOT_CLASS = YES_ERROR;
				CLANG_WARN_RANGE_LOOP_ANALYSIS = YES;
				CLANG_WARN_STRICT_PROTOTYPES = YES;
				CLANG_WARN_SUSPICIOUS_MOVE = YES;
				CLANG_WARN_UNGUARDED_AVAILABILITY = YES_AGGRESSIVE;
				CLANG_WARN_UNREACHABLE_CODE = YES;
				CLANG_WARN__DUPLICATE_METHOD_MATCH = YES;
				CODE_SIGN_IDENTITY = "iPhone Developer";
				COPY_PHASE_STRIP = NO;
				DEBUG_INFORMATION_FORMAT = dwarf;
				ENABLE_STRICT_OBJC_MSGSEND = YES;
				ENABLE_TESTABILITY = YES;
				GCC_C_LANGUAGE_STANDARD = gnu11;
				GCC_DYNAMIC_NO_PIC = NO;
				GCC_NO_COMMON_BLOCKS = YES;
				GCC_OPTIMIZATION_LEVEL = 0;
				GCC_PREPROCESSOR_DEFINITIONS = (
					"DEBUG=1",
					"$(inherited)",
				);
				GCC_WARN_64_TO_32_BIT_CONVERSION = YES;
				GCC_WARN_ABOUT_RETURN_TYPE = YES_ERROR;
				GCC_WARN_UNDECLARED_SELECTOR = YES;
				GCC_WARN_UNINITIALIZED_AUTOS = YES_AGGRESSIVE;
				GCC_WARN_UNUSED_FUNCTION = YES;
				GCC_WARN_UNUSED_VARIABLE = YES;
				IPHONEOS_DEPLOYMENT_TARGET = 12.2;
				MTL_ENABLE_DEBUG_INFO = INCLUDE_SOURCE;
				MTL_FAST_MATH = YES;
				ONLY_ACTIVE_ARCH = YES;
				SDKROOT = iphoneos;
				SWIFT_ACTIVE_COMPILATION_CONDITIONS = DEBUG;
				SWIFT_OPTIMIZATION_LEVEL = "-Onone";
			};
			name = Debug;
		};
		01050EC82261DFD3004404B6 /* Release */ = {
			isa = XCBuildConfiguration;
			buildSettings = {
				ALWAYS_SEARCH_USER_PATHS = NO;
				CLANG_ANALYZER_NONNULL = YES;
				CLANG_ANALYZER_NUMBER_OBJECT_CONVERSION = YES_AGGRESSIVE;
				CLANG_CXX_LANGUAGE_STANDARD = "gnu++14";
				CLANG_CXX_LIBRARY = "libc++";
				CLANG_ENABLE_MODULES = YES;
				CLANG_ENABLE_OBJC_ARC = YES;
				CLANG_ENABLE_OBJC_WEAK = YES;
				CLANG_WARN_BLOCK_CAPTURE_AUTORELEASING = YES;
				CLANG_WARN_BOOL_CONVERSION = YES;
				CLANG_WARN_COMMA = YES;
				CLANG_WARN_CONSTANT_CONVERSION = YES;
				CLANG_WARN_DEPRECATED_OBJC_IMPLEMENTATIONS = YES;
				CLANG_WARN_DIRECT_OBJC_ISA_USAGE = YES_ERROR;
				CLANG_WARN_DOCUMENTATION_COMMENTS = YES;
				CLANG_WARN_EMPTY_BODY = YES;
				CLANG_WARN_ENUM_CONVERSION = YES;
				CLANG_WARN_INFINITE_RECURSION = YES;
				CLANG_WARN_INT_CONVERSION = YES;
				CLANG_WARN_NON_LITERAL_NULL_CONVERSION = YES;
				CLANG_WARN_OBJC_IMPLICIT_RETAIN_SELF = YES;
				CLANG_WARN_OBJC_LITERAL_CONVERSION = YES;
				CLANG_WARN_OBJC_ROOT_CLASS = YES_ERROR;
				CLANG_WARN_RANGE_LOOP_ANALYSIS = YES;
				CLANG_WARN_STRICT_PROTOTYPES = YES;
				CLANG_WARN_SUSPICIOUS_MOVE = YES;
				CLANG_WARN_UNGUARDED_AVAILABILITY = YES_AGGRESSIVE;
				CLANG_WARN_UNREACHABLE_CODE = YES;
				CLANG_WARN__DUPLICATE_METHOD_MATCH = YES;
				CODE_SIGN_IDENTITY = "iPhone Developer";
				COPY_PHASE_STRIP = NO;
				DEBUG_INFORMATION_FORMAT = "dwarf-with-dsym";
				ENABLE_NS_ASSERTIONS = NO;
				ENABLE_STRICT_OBJC_MSGSEND = YES;
				GCC_C_LANGUAGE_STANDARD = gnu11;
				GCC_NO_COMMON_BLOCKS = YES;
				GCC_WARN_64_TO_32_BIT_CONVERSION = YES;
				GCC_WARN_ABOUT_RETURN_TYPE = YES_ERROR;
				GCC_WARN_UNDECLARED_SELECTOR = YES;
				GCC_WARN_UNINITIALIZED_AUTOS = YES_AGGRESSIVE;
				GCC_WARN_UNUSED_FUNCTION = YES;
				GCC_WARN_UNUSED_VARIABLE = YES;
				IPHONEOS_DEPLOYMENT_TARGET = 12.2;
				MTL_ENABLE_DEBUG_INFO = NO;
				MTL_FAST_MATH = YES;
				SDKROOT = iphoneos;
				SWIFT_COMPILATION_MODE = wholemodule;
				SWIFT_OPTIMIZATION_LEVEL = "-O";
				VALIDATE_PRODUCT = YES;
			};
			name = Release;
		};
		01050ECA2261DFD3004404B6 /* Debug */ = {
			isa = XCBuildConfiguration;
			baseConfigurationReference = 0299287C5C0A71CC68354BB9 /* Pods-Poznanskie Cmentarze.debug.xcconfig */;
			buildSettings = {
				ASSETCATALOG_COMPILER_APPICON_NAME = AppIcon;
				CODE_SIGN_STYLE = Automatic;
				DEVELOPMENT_TEAM = VHNJTY3QXF;
				INFOPLIST_FILE = "$(SRCROOT)/Poznanskie Cmentarze/Resource/Info.plist";
				IPHONEOS_DEPLOYMENT_TARGET = 13.0;
				LD_RUNPATH_SEARCH_PATHS = (
					"$(inherited)",
					"@executable_path/Frameworks",
				);
				PRODUCT_BUNDLE_IDENTIFIER = "wojtek.skotak.Poznanskie-Cmentarze";
				PRODUCT_NAME = "$(TARGET_NAME)";
				SWIFT_VERSION = 5.0;
				TARGETED_DEVICE_FAMILY = 1;
			};
			name = Debug;
		};
		01050ECB2261DFD3004404B6 /* Release */ = {
			isa = XCBuildConfiguration;
			baseConfigurationReference = 498831BDE5DC4A9EED270E00 /* Pods-Poznanskie Cmentarze.release.xcconfig */;
			buildSettings = {
				ASSETCATALOG_COMPILER_APPICON_NAME = AppIcon;
				CODE_SIGN_STYLE = Automatic;
				DEVELOPMENT_TEAM = VHNJTY3QXF;
				INFOPLIST_FILE = "$(SRCROOT)/Poznanskie Cmentarze/Resource/Info.plist";
				IPHONEOS_DEPLOYMENT_TARGET = 13.0;
				LD_RUNPATH_SEARCH_PATHS = (
					"$(inherited)",
					"@executable_path/Frameworks",
				);
				PRODUCT_BUNDLE_IDENTIFIER = "wojtek.skotak.Poznanskie-Cmentarze";
				PRODUCT_NAME = "$(TARGET_NAME)";
				SWIFT_VERSION = 5.0;
				TARGETED_DEVICE_FAMILY = 1;
			};
			name = Release;
		};
		01050ECD2261DFD3004404B6 /* Debug */ = {
			isa = XCBuildConfiguration;
			baseConfigurationReference = 7A488AE4B1C9973581F6FD9F /* Pods-Poznanskie CmentarzeTests.debug.xcconfig */;
			buildSettings = {
				ALWAYS_EMBED_SWIFT_STANDARD_LIBRARIES = YES;
				BUNDLE_LOADER = "$(TEST_HOST)";
				CODE_SIGN_STYLE = Automatic;
				DEVELOPMENT_TEAM = VHNJTY3QXF;
				INFOPLIST_FILE = "Poznanskie CmentarzeTests/Info.plist";
				LD_RUNPATH_SEARCH_PATHS = (
					"$(inherited)",
					"@executable_path/Frameworks",
					"@loader_path/Frameworks",
				);
				PRODUCT_BUNDLE_IDENTIFIER = "wojtek.skotak.Poznanskie-CmentarzeTests";
				PRODUCT_NAME = "$(TARGET_NAME)";
				SWIFT_VERSION = 5.0;
				TARGETED_DEVICE_FAMILY = "1,2";
				TEST_HOST = "$(BUILT_PRODUCTS_DIR)/Poznanskie Cmentarze.app/Poznanskie Cmentarze";
			};
			name = Debug;
		};
		01050ECE2261DFD3004404B6 /* Release */ = {
			isa = XCBuildConfiguration;
			baseConfigurationReference = 09346403EFE5CD9BE474937F /* Pods-Poznanskie CmentarzeTests.release.xcconfig */;
			buildSettings = {
				ALWAYS_EMBED_SWIFT_STANDARD_LIBRARIES = YES;
				BUNDLE_LOADER = "$(TEST_HOST)";
				CODE_SIGN_STYLE = Automatic;
				DEVELOPMENT_TEAM = VHNJTY3QXF;
				INFOPLIST_FILE = "Poznanskie CmentarzeTests/Info.plist";
				LD_RUNPATH_SEARCH_PATHS = (
					"$(inherited)",
					"@executable_path/Frameworks",
					"@loader_path/Frameworks",
				);
				PRODUCT_BUNDLE_IDENTIFIER = "wojtek.skotak.Poznanskie-CmentarzeTests";
				PRODUCT_NAME = "$(TARGET_NAME)";
				SWIFT_VERSION = 5.0;
				TARGETED_DEVICE_FAMILY = "1,2";
				TEST_HOST = "$(BUILT_PRODUCTS_DIR)/Poznanskie Cmentarze.app/Poznanskie Cmentarze";
			};
			name = Release;
		};
		01050ED02261DFD3004404B6 /* Debug */ = {
			isa = XCBuildConfiguration;
			baseConfigurationReference = DF2382143C82203BB24821B3 /* Pods-Poznanskie CmentarzeUITests.debug.xcconfig */;
			buildSettings = {
				ALWAYS_EMBED_SWIFT_STANDARD_LIBRARIES = YES;
				CODE_SIGN_STYLE = Automatic;
				DEVELOPMENT_TEAM = VHNJTY3QXF;
				INFOPLIST_FILE = "Poznanskie CmentarzeUITests/Info.plist";
				LD_RUNPATH_SEARCH_PATHS = (
					"$(inherited)",
					"@executable_path/Frameworks",
					"@loader_path/Frameworks",
				);
				PRODUCT_BUNDLE_IDENTIFIER = "wojtek.skotak.Poznanskie-CmentarzeUITests";
				PRODUCT_NAME = "$(TARGET_NAME)";
				SWIFT_VERSION = 5.0;
				TARGETED_DEVICE_FAMILY = "1,2";
				TEST_TARGET_NAME = "Poznanskie Cmentarze";
			};
			name = Debug;
		};
		01050ED12261DFD3004404B6 /* Release */ = {
			isa = XCBuildConfiguration;
			baseConfigurationReference = 24F84C213EB72C7571D2264F /* Pods-Poznanskie CmentarzeUITests.release.xcconfig */;
			buildSettings = {
				ALWAYS_EMBED_SWIFT_STANDARD_LIBRARIES = YES;
				CODE_SIGN_STYLE = Automatic;
				DEVELOPMENT_TEAM = VHNJTY3QXF;
				INFOPLIST_FILE = "Poznanskie CmentarzeUITests/Info.plist";
				LD_RUNPATH_SEARCH_PATHS = (
					"$(inherited)",
					"@executable_path/Frameworks",
					"@loader_path/Frameworks",
				);
				PRODUCT_BUNDLE_IDENTIFIER = "wojtek.skotak.Poznanskie-CmentarzeUITests";
				PRODUCT_NAME = "$(TARGET_NAME)";
				SWIFT_VERSION = 5.0;
				TARGETED_DEVICE_FAMILY = "1,2";
				TEST_TARGET_NAME = "Poznanskie Cmentarze";
			};
			name = Release;
		};
/* End XCBuildConfiguration section */

/* Begin XCConfigurationList section */
		01050E9C2261DFCE004404B6 /* Build configuration list for PBXProject "Poznanskie Cmentarze" */ = {
			isa = XCConfigurationList;
			buildConfigurations = (
				01050EC72261DFD3004404B6 /* Debug */,
				01050EC82261DFD3004404B6 /* Release */,
			);
			defaultConfigurationIsVisible = 0;
			defaultConfigurationName = Release;
		};
		01050EC92261DFD3004404B6 /* Build configuration list for PBXNativeTarget "Poznanskie Cmentarze" */ = {
			isa = XCConfigurationList;
			buildConfigurations = (
				01050ECA2261DFD3004404B6 /* Debug */,
				01050ECB2261DFD3004404B6 /* Release */,
			);
			defaultConfigurationIsVisible = 0;
			defaultConfigurationName = Release;
		};
		01050ECC2261DFD3004404B6 /* Build configuration list for PBXNativeTarget "Poznanskie CmentarzeTests" */ = {
			isa = XCConfigurationList;
			buildConfigurations = (
				01050ECD2261DFD3004404B6 /* Debug */,
				01050ECE2261DFD3004404B6 /* Release */,
			);
			defaultConfigurationIsVisible = 0;
			defaultConfigurationName = Release;
		};
		01050ECF2261DFD3004404B6 /* Build configuration list for PBXNativeTarget "Poznanskie CmentarzeUITests" */ = {
			isa = XCConfigurationList;
			buildConfigurations = (
				01050ED02261DFD3004404B6 /* Debug */,
				01050ED12261DFD3004404B6 /* Release */,
			);
			defaultConfigurationIsVisible = 0;
			defaultConfigurationName = Release;
		};
/* End XCConfigurationList section */
	};
	rootObject = 01050E992261DFCE004404B6 /* Project object */;
}
